{
  "name": "gift-calc",
  "version": "1.2.1",
  "lockfileVersion": 3,
  "requires": true,
  "packages": {
    "": {
      "name": "gift-calc",
      "version": "1.2.1",
      "license": "SEE LICENSE IN LICENSE",
      "bin": {
        "gcalc": "index.js",
        "gift-calc": "index.js"
      },
      "engines": {
        "node": ">=18.0.0"
      }
    }
  }
}
